
Microsoft Visual Studio Solution File, Format Version 12.00
# Visual Studio 2013
VisualStudioVersion = 12.0.21005.1
MinimumVisualStudioVersion = 10.0.40219.1
Project("{FAE04EC0-301F-11D3-BF4B-00C04F79EFBC}") = "Problem_03_CirclePerimeterАndArea", "Problem_03_CirclePerimeterАndArea\Problem_03_CirclePerimeterАndArea.csproj", "{3204489C-CBFE-4F8B-A1FE-7350766F1694}"
EndProject
Project("{FAE04EC0-301F-11D3-BF4B-00C04F79EFBC}") = "Problem_04_NumberComparer", "Problem_04_NumberComparer\Problem_04_NumberComparer.csproj", "{F878BA04-C059-4B8C-ACB3-FF47B6152A19}"
EndProject
Project("{FAE04EC0-301F-11D3-BF4B-00C04F79EFBC}") = "Problem_05_FormattingNumbers", "Problem_05_FormattingNumbers\Problem_05_FormattingNumbers.csproj", "{A930A22A-EC5E-4F9D-946D-641CEEE100C8}"
EndProject
Project("{FAE04EC0-301F-11D3-BF4B-00C04F79EFBC}") = "Problem_06_QuadraticEquation", "Problem_06_QuadraticEquation\Problem_06_QuadraticEquation.csproj", "{903964EC-5F3F-40FD-B3C9-005CB60B886F}"
EndProject
Project("{FAE04EC0-301F-11D3-BF4B-00C04F79EFBC}") = "Problem_02_PrintCompanyInformation", "Problem_02_PrintCompanyInformation\Problem_02_PrintCompanyInformation.csproj", "{CB9F7B34-313E-4274-B325-51DDC591847C}"
EndProject
Project("{FAE04EC0-301F-11D3-BF4B-00C04F79EFBC}") = "Problem_01_SumOf_3_Numbers", "Problem_01_SumOf_3_Numbers\Problem_01_SumOf_3_Numbers.csproj", "{0C2C7C50-0E17-42E7-9EEE-51B87B223821}"
EndProject
Project("{FAE04EC0-301F-11D3-BF4B-00C04F79EFBC}") = "Problem_07_Sum_Of_5_Numbers", "Problem_07_Sum_Of_5_Numbers\Problem_07_Sum_Of_5_Numbers.csproj", "{B675F3FA-E7C8-4878-9B25-603372D7F19C}"
EndProject
Project("{FAE04EC0-301F-11D3-BF4B-00C04F79EFBC}") = "Problem_08_NumbersFrom_1_to_n", "Problem_08_NumbersFrom_1_to_n\Problem_08_NumbersFrom_1_to_n.csproj", "{A01D5A44-94EC-4862-BBD8-4D45E7F35F8B}"
EndProject
Project("{FAE04EC0-301F-11D3-BF4B-00C04F79EFBC}") = "Problem_09_ Sum_of_n_Numbers", "Problem_09_ SumOf_n_Numbers\Problem_09_ Sum_of_n_Numbers.csproj", "{62C608CF-5CF1-44AD-84FF-3BBA112BF98A}"
EndProject
Project("{FAE04EC0-301F-11D3-BF4B-00C04F79EFBC}") = "Problem_10_FibonacciNumbers", "Problem_10_FibonacciNumbers\Problem_10_FibonacciNumbers.csproj", "{B2DB9540-657C-4E44-B760-804DA14DA33D}"
EndProject
Project("{FAE04EC0-301F-11D3-BF4B-00C04F79EFBC}") = "Problem_11_NumbersInIntervalDividableByGivenNumber", "Problem_11_NumbersInIntervalDividableByGivenNumber\Problem_11_NumbersInIntervalDividableByGivenNumber.csproj", "{9A99F006-EA42-4B5F-94C3-41B810140145}"
EndProject
Project("{FAE04EC0-301F-11D3-BF4B-00C04F79EFBC}") = "Problem_12_FallingRocks", "Problem_12_FallingRocks\Problem_12_FallingRocks.csproj", "{AE416A4B-127A-431B-B2CB-A3A07817222F}"
EndProject
Project("{FAE04EC0-301F-11D3-BF4B-00C04F79EFBC}") = "Problem_13_CurrencyCheck", "Problem_13_CurrencyCheck\Problem_13_CurrencyCheck.csproj", "{16D9E049-F73B-4C2F-832A-B17E07595ABC}"
EndProject
Project("{FAE04EC0-301F-11D3-BF4B-00C04F79EFBC}") = "Problem_14_DreamItem", "Problem_14_DreamItem\Problem_14_DreamItem.csproj", "{4A555E4E-94A2-479E-AA01-7C641A253893}"
EndProject
Project("{FAE04EC0-301F-11D3-BF4B-00C04F79EFBC}") = "Problem_15_MagicWand", "Problem_15_MagicWand\Problem_15_MagicWand.csproj", "{FC5BABDD-6E0C-47DA-A674-EBED177BE2B8}"
EndProject
Project("{FAE04EC0-301F-11D3-BF4B-00C04F79EFBC}") = "Problem_16_ ArrayMatcher", "Problem_16_ ArrayMatcher\Problem_16_ ArrayMatcher.csproj", "{44B0C198-91DA-4B8F-9C25-DA5B2285098F}"
EndProject
Project("{FAE04EC0-301F-11D3-BF4B-00C04F79EFBC}") = "Problem_17_KnightPath", "Problem_17_KnightPath\Problem_17_KnightPath.csproj", "{9E9641BD-FBC9-468F-800B-2E9E38564B99}"
EndProject
Global
	GlobalSection(SolutionConfigurationPlatforms) = preSolution
		Debug|Any CPU = Debug|Any CPU
		Release|Any CPU = Release|Any CPU
	EndGlobalSection
	GlobalSection(ProjectConfigurationPlatforms) = postSolution
		{3204489C-CBFE-4F8B-A1FE-7350766F1694}.Debug|Any CPU.ActiveCfg = Debug|Any CPU
		{3204489C-CBFE-4F8B-A1FE-7350766F1694}.Debug|Any CPU.Build.0 = Debug|Any CPU
		{3204489C-CBFE-4F8B-A1FE-7350766F1694}.Release|Any CPU.ActiveCfg = Release|Any CPU
		{3204489C-CBFE-4F8B-A1FE-7350766F1694}.Release|Any CPU.Build.0 = Release|Any CPU
		{F878BA04-C059-4B8C-ACB3-FF47B6152A19}.Debug|Any CPU.ActiveCfg = Debug|Any CPU
		{F878BA04-C059-4B8C-ACB3-FF47B6152A19}.Debug|Any CPU.Build.0 = Debug|Any CPU
		{F878BA04-C059-4B8C-ACB3-FF47B6152A19}.Release|Any CPU.ActiveCfg = Release|Any CPU
		{F878BA04-C059-4B8C-ACB3-FF47B6152A19}.Release|Any CPU.Build.0 = Release|Any CPU
		{A930A22A-EC5E-4F9D-946D-641CEEE100C8}.Debug|Any CPU.ActiveCfg = Debug|Any CPU
		{A930A22A-EC5E-4F9D-946D-641CEEE100C8}.Debug|Any CPU.Build.0 = Debug|Any CPU
		{A930A22A-EC5E-4F9D-946D-641CEEE100C8}.Release|Any CPU.ActiveCfg = Release|Any CPU
		{A930A22A-EC5E-4F9D-946D-641CEEE100C8}.Release|Any CPU.Build.0 = Release|Any CPU
		{903964EC-5F3F-40FD-B3C9-005CB60B886F}.Debug|Any CPU.ActiveCfg = Debug|Any CPU
		{903964EC-5F3F-40FD-B3C9-005CB60B886F}.Debug|Any CPU.Build.0 = Debug|Any CPU
		{903964EC-5F3F-40FD-B3C9-005CB60B886F}.Release|Any CPU.ActiveCfg = Release|Any CPU
		{903964EC-5F3F-40FD-B3C9-005CB60B886F}.Release|Any CPU.Build.0 = Release|Any CPU
		{CB9F7B34-313E-4274-B325-51DDC591847C}.Debug|Any CPU.ActiveCfg = Debug|Any CPU
		{CB9F7B34-313E-4274-B325-51DDC591847C}.Debug|Any CPU.Build.0 = Debug|Any CPU
		{CB9F7B34-313E-4274-B325-51DDC591847C}.Release|Any CPU.ActiveCfg = Release|Any CPU
		{CB9F7B34-313E-4274-B325-51DDC591847C}.Release|Any CPU.Build.0 = Release|Any CPU
		{0C2C7C50-0E17-42E7-9EEE-51B87B223821}.Debug|Any CPU.ActiveCfg = Debug|Any CPU
		{0C2C7C50-0E17-42E7-9EEE-51B87B223821}.Debug|Any CPU.Build.0 = Debug|Any CPU
		{0C2C7C50-0E17-42E7-9EEE-51B87B223821}.Release|Any CPU.ActiveCfg = Release|Any CPU
		{0C2C7C50-0E17-42E7-9EEE-51B87B223821}.Release|Any CPU.Build.0 = Release|Any CPU
		{B675F3FA-E7C8-4878-9B25-603372D7F19C}.Debug|Any CPU.ActiveCfg = Debug|Any CPU
		{B675F3FA-E7C8-4878-9B25-603372D7F19C}.Debug|Any CPU.Build.0 = Debug|Any CPU
		{B675F3FA-E7C8-4878-9B25-603372D7F19C}.Release|Any CPU.ActiveCfg = Release|Any CPU
		{B675F3FA-E7C8-4878-9B25-603372D7F19C}.Release|Any CPU.Build.0 = Release|Any CPU
		{A01D5A44-94EC-4862-BBD8-4D45E7F35F8B}.Debug|Any CPU.ActiveCfg = Debug|Any CPU
		{A01D5A44-94EC-4862-BBD8-4D45E7F35F8B}.Debug|Any CPU.Build.0 = Debug|Any CPU
		{A01D5A44-94EC-4862-BBD8-4D45E7F35F8B}.Release|Any CPU.ActiveCfg = Release|Any CPU
		{A01D5A44-94EC-4862-BBD8-4D45E7F35F8B}.Release|Any CPU.Build.0 = Release|Any CPU
		{62C608CF-5CF1-44AD-84FF-3BBA112BF98A}.Debug|Any CPU.ActiveCfg = Debug|Any CPU
		{62C608CF-5CF1-44AD-84FF-3BBA112BF98A}.Debug|Any CPU.Build.0 = Debug|Any CPU
		{62C608CF-5CF1-44AD-84FF-3BBA112BF98A}.Release|Any CPU.ActiveCfg = Release|Any CPU
		{62C608CF-5CF1-44AD-84FF-3BBA112BF98A}.Release|Any CPU.Build.0 = Release|Any CPU
		{B2DB9540-657C-4E44-B760-804DA14DA33D}.Debug|Any CPU.ActiveCfg = Debug|Any CPU
		{B2DB9540-657C-4E44-B760-804DA14DA33D}.Debug|Any CPU.Build.0 = Debug|Any CPU
		{B2DB9540-657C-4E44-B760-804DA14DA33D}.Release|Any CPU.ActiveCfg = Release|Any CPU
		{B2DB9540-657C-4E44-B760-804DA14DA33D}.Release|Any CPU.Build.0 = Release|Any CPU
		{9A99F006-EA42-4B5F-94C3-41B810140145}.Debug|Any CPU.ActiveCfg = Debug|Any CPU
		{9A99F006-EA42-4B5F-94C3-41B810140145}.Debug|Any CPU.Build.0 = Debug|Any CPU
		{9A99F006-EA42-4B5F-94C3-41B810140145}.Release|Any CPU.ActiveCfg = Release|Any CPU
		{9A99F006-EA42-4B5F-94C3-41B810140145}.Release|Any CPU.Build.0 = Release|Any CPU
		{AE416A4B-127A-431B-B2CB-A3A07817222F}.Debug|Any CPU.ActiveCfg = Debug|Any CPU
		{AE416A4B-127A-431B-B2CB-A3A07817222F}.Debug|Any CPU.Build.0 = Debug|Any CPU
		{AE416A4B-127A-431B-B2CB-A3A07817222F}.Release|Any CPU.ActiveCfg = Release|Any CPU
		{AE416A4B-127A-431B-B2CB-A3A07817222F}.Release|Any CPU.Build.0 = Release|Any CPU
		{16D9E049-F73B-4C2F-832A-B17E07595ABC}.Debug|Any CPU.ActiveCfg = Debug|Any CPU
		{16D9E049-F73B-4C2F-832A-B17E07595ABC}.Debug|Any CPU.Build.0 = Debug|Any CPU
		{16D9E049-F73B-4C2F-832A-B17E07595ABC}.Release|Any CPU.ActiveCfg = Release|Any CPU
		{16D9E049-F73B-4C2F-832A-B17E07595ABC}.Release|Any CPU.Build.0 = Release|Any CPU
		{4A555E4E-94A2-479E-AA01-7C641A253893}.Debug|Any CPU.ActiveCfg = Debug|Any CPU
		{4A555E4E-94A2-479E-AA01-7C641A253893}.Debug|Any CPU.Build.0 = Debug|Any CPU
		{4A555E4E-94A2-479E-AA01-7C641A253893}.Release|Any CPU.ActiveCfg = Release|Any CPU
		{4A555E4E-94A2-479E-AA01-7C641A253893}.Release|Any CPU.Build.0 = Release|Any CPU
		{FC5BABDD-6E0C-47DA-A674-EBED177BE2B8}.Debug|Any CPU.ActiveCfg = Debug|Any CPU
		{FC5BABDD-6E0C-47DA-A674-EBED177BE2B8}.Debug|Any CPU.Build.0 = Debug|Any CPU
		{FC5BABDD-6E0C-47DA-A674-EBED177BE2B8}.Release|Any CPU.ActiveCfg = Release|Any CPU
		{FC5BABDD-6E0C-47DA-A674-EBED177BE2B8}.Release|Any CPU.Build.0 = Release|Any CPU
		{44B0C198-91DA-4B8F-9C25-DA5B2285098F}.Debug|Any CPU.ActiveCfg = Debug|Any CPU
		{44B0C198-91DA-4B8F-9C25-DA5B2285098F}.Debug|Any CPU.Build.0 = Debug|Any CPU
		{44B0C198-91DA-4B8F-9C25-DA5B2285098F}.Release|Any CPU.ActiveCfg = Release|Any CPU
		{44B0C198-91DA-4B8F-9C25-DA5B2285098F}.Release|Any CPU.Build.0 = Release|Any CPU
		{9E9641BD-FBC9-468F-800B-2E9E38564B99}.Debug|Any CPU.ActiveCfg = Debug|Any CPU
		{9E9641BD-FBC9-468F-800B-2E9E38564B99}.Debug|Any CPU.Build.0 = Debug|Any CPU
		{9E9641BD-FBC9-468F-800B-2E9E38564B99}.Release|Any CPU.ActiveCfg = Release|Any CPU
		{9E9641BD-FBC9-468F-800B-2E9E38564B99}.Release|Any CPU.Build.0 = Release|Any CPU
	EndGlobalSection
	GlobalSection(SolutionProperties) = preSolution
		HideSolutionNode = FALSE
	EndGlobalSection
EndGlobal
